
Microsoft Visual Studio Solution File, Format Version 12.00
# Visual Studio 15
VisualStudioVersion = 15.0.27004.2002
MinimumVisualStudioVersion = 10.0.40219.1
Project("{FAE04EC0-301F-11D3-BF4B-00C04F79EFBC}") = "ServiceConsoleHost", "ServiceConsoleHost\ServiceConsoleHost.csproj", "{B109E0A9-762C-49F8-AFDB-C9CA2F09F52C}"
EndProject
Project("{2150E333-8FDC-42A3-9474-1A3956D46DE8}") = "Service", "Service", "{EF5DB2BD-DD31-495E-9CEF-FEBBD8A058BB}"
EndProject
Project("{FAE04EC0-301F-11D3-BF4B-00C04F79EFBC}") = "SimpleService", "SimpleService\SimpleService.csproj", "{046DACB2-0D63-475D-B860-69034CE22D60}"
EndProject
Project("{2150E333-8FDC-42A3-9474-1A3956D46DE8}") = "WindowsClient", "WindowsClient", "{CD4E0640-02F7-4F95-B652-E31B81EB86CA}"
EndProject
Project("{FAE04EC0-301F-11D3-BF4B-00C04F79EFBC}") = "ServiceClientConsole", "ServiceClientConsole\ServiceClientConsole.csproj", "{D49C53FF-0756-4B65-8FBF-161477EEEC2C}"
	ProjectSection(ProjectDependencies) = postProject
		{B109E0A9-762C-49F8-AFDB-C9CA2F09F52C} = {B109E0A9-762C-49F8-AFDB-C9CA2F09F52C}
	EndProjectSection
EndProject
Global
	GlobalSection(SolutionConfigurationPlatforms) = preSolution
		Debug|Any CPU = Debug|Any CPU
		Release|Any CPU = Release|Any CPU
	EndGlobalSection
	GlobalSection(ProjectConfigurationPlatforms) = postSolution
		{B109E0A9-762C-49F8-AFDB-C9CA2F09F52C}.Debug|Any CPU.ActiveCfg = Debug|Any CPU
		{B109E0A9-762C-49F8-AFDB-C9CA2F09F52C}.Debug|Any CPU.Build.0 = Debug|Any CPU
		{B109E0A9-762C-49F8-AFDB-C9CA2F09F52C}.Release|Any CPU.ActiveCfg = Release|Any CPU
		{B109E0A9-762C-49F8-AFDB-C9CA2F09F52C}.Release|Any CPU.Build.0 = Release|Any CPU
		{046DACB2-0D63-475D-B860-69034CE22D60}.Debug|Any CPU.ActiveCfg = Debug|Any CPU
		{046DACB2-0D63-475D-B860-69034CE22D60}.Debug|Any CPU.Build.0 = Debug|Any CPU
		{046DACB2-0D63-475D-B860-69034CE22D60}.Release|Any CPU.ActiveCfg = Release|Any CPU
		{046DACB2-0D63-475D-B860-69034CE22D60}.Release|Any CPU.Build.0 = Release|Any CPU
		{D49C53FF-0756-4B65-8FBF-161477EEEC2C}.Debug|Any CPU.ActiveCfg = Debug|Any CPU
		{D49C53FF-0756-4B65-8FBF-161477EEEC2C}.Debug|Any CPU.Build.0 = Debug|Any CPU
		{D49C53FF-0756-4B65-8FBF-161477EEEC2C}.Release|Any CPU.ActiveCfg = Release|Any CPU
		{D49C53FF-0756-4B65-8FBF-161477EEEC2C}.Release|Any CPU.Build.0 = Release|Any CPU
	EndGlobalSection
	GlobalSection(SolutionProperties) = preSolution
		HideSolutionNode = FALSE
	EndGlobalSection
	GlobalSection(NestedProjects) = preSolution
		{B109E0A9-762C-49F8-AFDB-C9CA2F09F52C} = {EF5DB2BD-DD31-495E-9CEF-FEBBD8A058BB}
		{046DACB2-0D63-475D-B860-69034CE22D60} = {EF5DB2BD-DD31-495E-9CEF-FEBBD8A058BB}
		{D49C53FF-0756-4B65-8FBF-161477EEEC2C} = {CD4E0640-02F7-4F95-B652-E31B81EB86CA}
	EndGlobalSection
	GlobalSection(ExtensibilityGlobals) = postSolution
		SolutionGuid = {2D9EC52B-F4E7-41C5-AD21-F915472DB338}
	EndGlobalSection
EndGlobal
